# This file is automatically @generated by Cargo.
# It is not intended for manual editing.
version = 4

[[package]]
name = "game_rules"
version = "0.1.0"

[[package]]
name = "il_ai"
version = "0.1.0"

[[package]]
name = "il_app"
version = "0.1.0"

[[package]]
name = "il_benches"
version = "0.1.0"

[[package]]
name = "il_cli"
version = "0.1.0"

[[package]]
name = "il_core"
version = "0.1.0"

[[package]]
name = "il_data"
version = "0.1.0"

[[package]]
name = "il_save"
version = "0.1.0"

[[package]]
name = "il_sim_battle"
version = "0.1.0"

[[package]]
name = "il_sim_campaign"
version = "0.1.0"

[[package]]
name = "il_tests"
version = "0.1.0"
